// !$*UTF8*$!
{
	archiveVersion = 1;
	classes = {
	};
	objectVersion = 46;
	objects = {

/* Begin PBXBuildFile section */
		263A46381BAB397F0063CE52 /* main.m in Sources */ = {isa = PBXBuildFile; fileRef = 263A46371BAB397F0063CE52 /* main.m */; };
		263A463B1BAB397F0063CE52 /* AppDelegate.m in Sources */ = {isa = PBXBuildFile; fileRef = 263A463A1BAB397F0063CE52 /* AppDelegate.m */; };
		263A463E1BAB397F0063CE52 /* FISDetailViewController.m in Sources */ = {isa = PBXBuildFile; fileRef = 263A463D1BAB397F0063CE52 /* FISDetailViewController.m */; };
		263A46411BAB397F0063CE52 /* Main.storyboard in Resources */ = {isa = PBXBuildFile; fileRef = 263A463F1BAB397F0063CE52 /* Main.storyboard */; };
		263A46431BAB397F0063CE52 /* Images.xcassets in Resources */ = {isa = PBXBuildFile; fileRef = 263A46421BAB397F0063CE52 /* Images.xcassets */; };
		263A46461BAB397F0063CE52 /* LaunchScreen.xib in Resources */ = {isa = PBXBuildFile; fileRef = 263A46441BAB397F0063CE52 /* LaunchScreen.xib */; };
		263A46521BAB397F0063CE52 /* HellaCellsTests.m in Sources */ = {isa = PBXBuildFile; fileRef = 263A46511BAB397F0063CE52 /* HellaCellsTests.m */; };
		263A465D1BAB3B570063CE52 /* FISMasterTableViewController.m in Sources */ = {isa = PBXBuildFile; fileRef = 263A465C1BAB3B570063CE52 /* FISMasterTableViewController.m */; };
/* End PBXBuildFile section */

/* Begin PBXContainerItemProxy section */
		263A464C1BAB397F0063CE52 /* PBXContainerItemProxy */ = {
			isa = PBXContainerItemProxy;
			containerPortal = 263A462A1BAB397F0063CE52 /* Project object */;
			proxyType = 1;
			remoteGlobalIDString = 263A46311BAB397F0063CE52;
			remoteInfo = HellaCells;
		};
/* End PBXContainerItemProxy section */

/* Begin PBXFileReference section */
		263A46321BAB397F0063CE52 /* HellaCells.app */ = {isa = PBXFileReference; explicitFileType = wrapper.application; includeInIndex = 0; path = HellaCells.app; sourceTree = BUILT_PRODUCTS_DIR; };
		263A46361BAB397F0063CE52 /* Info.plist */ = {isa = PBXFileReference; lastKnownFileType = text.plist.xml; path = Info.plist; sourceTree = "<group>"; };
		263A46371BAB397F0063CE52 /* main.m */ = {isa = PBXFileReference; lastKnownFileType = sourcecode.c.objc; path = main.m; sourceTree = "<group>"; };
		263A46391BAB397F0063CE52 /* AppDelegate.h */ = {isa = PBXFileReference; lastKnownFileType = sourcecode.c.h; path = AppDelegate.h; sourceTree = "<group>"; };
		263A463A1BAB397F0063CE52 /* AppDelegate.m */ = {isa = PBXFileReference; lastKnownFileType = sourcecode.c.objc; path = AppDelegate.m; sourceTree = "<group>"; };
		263A463C1BAB397F0063CE52 /* FISDetailViewController.h */ = {isa = PBXFileReference; lastKnownFileType = sourcecode.c.h; path = FISDetailViewController.h; sourceTree = "<group>"; };
		263A463D1BAB397F0063CE52 /* FISDetailViewController.m */ = {isa = PBXFileReference; lastKnownFileType = sourcecode.c.objc; path = FISDetailViewController.m; sourceTree = "<group>"; };
		263A46401BAB397F0063CE52 /* Base */ = {isa = PBXFileReference; lastKnownFileType = file.storyboard; name = Base; path = Base.lproj/Main.storyboard; sourceTree = "<group>"; };
		263A46421BAB397F0063CE52 /* Images.xcassets */ = {isa = PBXFileReference; lastKnownFileType = folder.assetcatalog; path = Images.xcassets; sourceTree = "<group>"; };
		263A46451BAB397F0063CE52 /* Base */ = {isa = PBXFileReference; lastKnownFileType = file.xib; name = Base; path = Base.lproj/LaunchScreen.xib; sourceTree = "<group>"; };
		263A464B1BAB397F0063CE52 /* HellaCellsTests.xctest */ = {isa = PBXFileReference; explicitFileType = wrapper.cfbundle; includeInIndex = 0; path = HellaCellsTests.xctest; sourceTree = BUILT_PRODUCTS_DIR; };
		263A46501BAB397F0063CE52 /* Info.plist */ = {isa = PBXFileReference; lastKnownFileType = text.plist.xml; path = Info.plist; sourceTree = "<group>"; };
		263A46511BAB397F0063CE52 /* HellaCellsTests.m */ = {isa = PBXFileReference; lastKnownFileType = sourcecode.c.objc; path = HellaCellsTests.m; sourceTree = "<group>"; };
		263A465B1BAB3B570063CE52 /* FISMasterTableViewController.h */ = {isa = PBXFileReference; fileEncoding = 4; lastKnownFileType = sourcecode.c.h; path = FISMasterTableViewController.h; sourceTree = "<group>"; };
		263A465C1BAB3B570063CE52 /* FISMasterTableViewController.m */ = {isa = PBXFileReference; fileEncoding = 4; lastKnownFileType = sourcecode.c.objc; path = FISMasterTableViewController.m; sourceTree = "<group>"; };
/* End PBXFileReference section */

/* Begin PBXFrameworksBuildPhase section */
		263A462F1BAB397F0063CE52 /* Frameworks */ = {
			isa = PBXFrameworksBuildPhase;
			buildActionMask = 2147483647;
			files = (
			);
			runOnlyForDeploymentPostprocessing = 0;
		};
		263A46481BAB397F0063CE52 /* Frameworks */ = {
			isa = PBXFrameworksBuildPhase;
			buildActionMask = 2147483647;
			files = (
			);
			runOnlyForDeploymentPostprocessing = 0;
		};
/* End PBXFrameworksBuildPhase section */

/* Begin PBXGroup section */
		263A46291BAB397F0063CE52 = {
			isa = PBXGroup;
			children = (
				263A46341BAB397F0063CE52 /* HellaCells */,
				263A464E1BAB397F0063CE52 /* HellaCellsTests */,
				263A46331BAB397F0063CE52 /* Products */,
			);
			sourceTree = "<group>";
		};
		263A46331BAB397F0063CE52 /* Products */ = {
			isa = PBXGroup;
			children = (
				263A46321BAB397F0063CE52 /* HellaCells.app */,
				263A464B1BAB397F0063CE52 /* HellaCellsTests.xctest */,
			);
			name = Products;
			sourceTree = "<group>";
		};
		263A46341BAB397F0063CE52 /* HellaCells */ = {
			isa = PBXGroup;
			children = (
				263A46391BAB397F0063CE52 /* AppDelegate.h */,
				263A463A1BAB397F0063CE52 /* AppDelegate.m */,
				263A463C1BAB397F0063CE52 /* FISDetailViewController.h */,
				263A463D1BAB397F0063CE52 /* FISDetailViewController.m */,
				263A465B1BAB3B570063CE52 /* FISMasterTableViewController.h */,
				263A465C1BAB3B570063CE52 /* FISMasterTableViewController.m */,
				263A463F1BAB397F0063CE52 /* Main.storyboard */,
				263A46421BAB397F0063CE52 /* Images.xcassets */,
				263A46441BAB397F0063CE52 /* LaunchScreen.xib */,
				263A46351BAB397F0063CE52 /* Supporting Files */,
			);
			path = HellaCells;
			sourceTree = "<group>";
		};
		263A46351BAB397F0063CE52 /* Supporting Files */ = {
			isa = PBXGroup;
			children = (
				263A46361BAB397F0063CE52 /* Info.plist */,
				263A46371BAB397F0063CE52 /* main.m */,
			);
			name = "Supporting Files";
			sourceTree = "<group>";
		};
		263A464E1BAB397F0063CE52 /* HellaCellsTests */ = {
			isa = PBXGroup;
			children = (
				263A46511BAB397F0063CE52 /* HellaCellsTests.m */,
				263A464F1BAB397F0063CE52 /* Supporting Files */,
			);
			path = HellaCellsTests;
			sourceTree = "<group>";
		};
		263A464F1BAB397F0063CE52 /* Supporting Files */ = {
			isa = PBXGroup;
			children = (
				263A46501BAB397F0063CE52 /* Info.plist */,
			);
			name = "Supporting Files";
			sourceTree = "<group>";
		};
/* End PBXGroup section */

/* Begin PBXNativeTarget section */
		263A46311BAB397F0063CE52 /* HellaCells */ = {
			isa = PBXNativeTarget;
			buildConfigurationList = 263A46551BAB397F0063CE52 /* Build configuration list for PBXNativeTarget "HellaCells" */;
			buildPhases = (
				263A462E1BAB397F0063CE52 /* Sources */,
				263A462F1BAB397F0063CE52 /* Frameworks */,
				263A46301BAB397F0063CE52 /* Resources */,
			);
			buildRules = (
			);
			dependencies = (
			);
			name = HellaCells;
			productName = HellaCells;
			productReference = 263A46321BAB397F0063CE52 /* HellaCells.app */;
			productType = "com.apple.product-type.application";
		};
		263A464A1BAB397F0063CE52 /* HellaCellsTests */ = {
			isa = PBXNativeTarget;
			buildConfigurationList = 263A46581BAB397F0063CE52 /* Build configuration list for PBXNativeTarget "HellaCellsTests" */;
			buildPhases = (
				263A46471BAB397F0063CE52 /* Sources */,
				263A46481BAB397F0063CE52 /* Frameworks */,
				263A46491BAB397F0063CE52 /* Resources */,
			);
			buildRules = (
			);
			dependencies = (
				263A464D1BAB397F0063CE52 /* PBXTargetDependency */,
			);
			name = HellaCellsTests;
			productName = HellaCellsTests;
			productReference = 263A464B1BAB397F0063CE52 /* HellaCellsTests.xctest */;
			productType = "com.apple.product-type.bundle.unit-test";
		};
/* End PBXNativeTarget section */

/* Begin PBXProject section */
		263A462A1BAB397F0063CE52 /* Project object */ = {
			isa = PBXProject;
			attributes = {
				LastUpgradeCheck = 0640;
				ORGANIZATIONNAME = Motley;
				TargetAttributes = {
					263A46311BAB397F0063CE52 = {
						CreatedOnToolsVersion = 6.4;
					};
					263A464A1BAB397F0063CE52 = {
						CreatedOnToolsVersion = 6.4;
						TestTargetID = 263A46311BAB397F0063CE52;
					};
				};
			};
			buildConfigurationList = 263A462D1BAB397F0063CE52 /* Build configuration list for PBXProject "HellaCells" */;
			compatibilityVersion = "Xcode 3.2";
			developmentRegion = English;
			hasScannedForEncodings = 0;
			knownRegions = (
				en,
				Base,
			);
			mainGroup = 263A46291BAB397F0063CE52;
			productRefGroup = 263A46331BAB397F0063CE52 /* Products */;
			projectDirPath = "";
			projectRoot = "";
			targets = (
				263A46311BAB397F0063CE52 /* HellaCells */,
				263A464A1BAB397F0063CE52 /* HellaCellsTests */,
			);
		};
/* End PBXProject section */

/* Begin PBXResourcesBuildPhase section */
		263A46301BAB397F0063CE52 /* Resources */ = {
			isa = PBXResourcesBuildPhase;
			buildActionMask = 2147483647;
			files = (
				263A46411BAB397F0063CE52 /* Main.storyboard in Resources */,
				263A46461BAB397F0063CE52 /* LaunchScreen.xib in Resources */,
				263A46431BAB397F0063CE52 /* Images.xcassets in Resources */,
			);
			runOnlyForDeploymentPostprocessing = 0;
		};
		263A46491BAB397F0063CE52 /* Resources */ = {
			isa = PBXResourcesBuildPhase;
			buildActionMask = 2147483647;
			files = (
			);
			runOnlyForDeploymentPostprocessing = 0;
		};
/* End PBXResourcesBuildPhase section */

/* Begin PBXSourcesBuildPhase section */
		263A462E1BAB397F0063CE52 /* Sources */ = {
			isa = PBXSourcesBuildPhase;
			buildActionMask = 2147483647;
			files = (
				263A463E1BAB397F0063CE52 /* FISDetailViewController.m in Sources */,
				263A463B1BAB397F0063CE52 /* AppDelegate.m in Sources */,
				263A465D1BAB3B570063CE52 /* FISMasterTableViewController.m in Sources */,
				263A46381BAB397F0063CE52 /* main.m in Sources */,
			);
			runOnlyForDeploymentPostprocessing = 0;
		};
		263A46471BAB397F0063CE52 /* Sources */ = {
			isa = PBXSourcesBuildPhase;
			buildActionMask = 2147483647;
			files = (
				263A46521BAB397F0063CE52 /* HellaCellsTests.m in Sources */,
			);
			runOnlyForDeploymentPostprocessing = 0;
		};
/* End PBXSourcesBuildPhase section */

/* Begin PBXTargetDependency section */
		263A464D1BAB397F0063CE52 /* PBXTargetDependency */ = {
			isa = PBXTargetDependency;
			target = 263A46311BAB397F0063CE52 /* HellaCells */;
			targetProxy = 263A464C1BAB397F0063CE52 /* PBXContainerItemProxy */;
		};
/* End PBXTargetDependency section */

/* Begin PBXVariantGroup section */
		263A463F1BAB397F0063CE52 /* Main.storyboard */ = {
			isa = PBXVariantGroup;
			children = (
				263A46401BAB397F0063CE52 /* Base */,
			);
			name = Main.storyboard;
			sourceTree = "<group>";
		};
		263A46441BAB397F0063CE52 /* LaunchScreen.xib */ = {
			isa = PBXVariantGroup;
			children = (
				263A46451BAB397F0063CE52 /* Base */,
			);
			name = LaunchScreen.xib;
			sourceTree = "<group>";
		};
/* End PBXVariantGroup section */

/* Begin XCBuildConfiguration section */
		263A46531BAB397F0063CE52 /* Debug */ = {
			isa = XCBuildConfiguration;
			buildSettings = {
				ALWAYS_SEARCH_USER_PATHS = NO;
				CLANG_CXX_LANGUAGE_STANDARD = "gnu++0x";
				CLANG_CXX_LIBRARY = "libc++";
				CLANG_ENABLE_MODULES = YES;
				CLANG_ENABLE_OBJC_ARC = YES;
				CLANG_WARN_BOOL_CONVERSION = YES;
				CLANG_WARN_CONSTANT_CONVERSION = YES;
				CLANG_WARN_DIRECT_OBJC_ISA_USAGE = YES_ERROR;
				CLANG_WARN_EMPTY_BODY = YES;
				CLANG_WARN_ENUM_CONVERSION = YES;
				CLANG_WARN_INT_CONVERSION = YES;
				CLANG_WARN_OBJC_ROOT_CLASS = YES_ERROR;
				CLANG_WARN_UNREACHABLE_CODE = YES;
				CLANG_WARN__DUPLICATE_METHOD_MATCH = YES;
				"CODE_SIGN_IDENTITY[sdk=iphoneos*]" = "iPhone Developer";
				COPY_PHASE_STRIP = NO;
				DEBUG_INFORMATION_FORMAT = "dwarf-with-dsym";
				ENABLE_STRICT_OBJC_MSGSEND = YES;
				GCC_C_LANGUAGE_STANDARD = gnu99;
				GCC_DYNAMIC_NO_PIC = NO;
				GCC_NO_COMMON_BLOCKS = YES;
				GCC_OPTIMIZATION_LEVEL = 0;
				GCC_PREPROCESSOR_DEFINITIONS = (
					"DEBUG=1",
					"$(inherited)",
				);
				GCC_SYMBOLS_PRIVATE_EXTERN = NO;
				GCC_WARN_64_TO_32_BIT_CONVERSION = YES;
				GCC_WARN_ABOUT_RETURN_TYPE = YES_ERROR;
				GCC_WARN_UNDECLARED_SELECTOR = YES;
				GCC_WARN_UNINITIALIZED_AUTOS = YES_AGGRESSIVE;
				GCC_WARN_UNUSED_FUNCTION = YES;
				GCC_WARN_UNUSED_VARIABLE = YES;
				IPHONEOS_DEPLOYMENT_TARGET = 8.4;
				MTL_ENABLE_DEBUG_INFO = YES;
				ONLY_ACTIVE_ARCH = YES;
				SDKROOT = iphoneos;
			};
			name = Debug;
		};
		263A46541BAB397F0063CE52 /* Release */ = {
			isa = XCBuildConfiguration;
			buildSettings = {
				ALWAYS_SEARCH_USER_PATHS = NO;
				CLANG_CXX_LANGUAGE_STANDARD = "gnu++0x";
				CLANG_CXX_LIBRARY = "libc++";
				CLANG_ENABLE_MODULES = YES;
				CLANG_ENABLE_OBJC_ARC = YES;
				CLANG_WARN_BOOL_CONVERSION = YES;
				CLANG_WARN_CONSTANT_CONVERSION = YES;
				CLANG_WARN_DIRECT_OBJC_ISA_USAGE = YES_ERROR;
				CLANG_WARN_EMPTY_BODY = YES;
				CLANG_WARN_ENUM_CONVERSION = YES;
				CLANG_WARN_INT_CONVERSION = YES;
				CLANG_WARN_OBJC_ROOT_CLASS = YES_ERROR;
				CLANG_WARN_UNREACHABLE_CODE = YES;
				CLANG_WARN__DUPLICATE_METHOD_MATCH = YES;
				"CODE_SIGN_IDENTITY[sdk=iphoneos*]" = "iPhone Developer";
				COPY_PHASE_STRIP = NO;
				DEBUG_INFORMATION_FORMAT = "dwarf-with-dsym";
				ENABLE_NS_ASSERTIONS = NO;
				ENABLE_STRICT_OBJC_MSGSEND = YES;
				GCC_C_LANGUAGE_STANDARD = gnu99;
				GCC_NO_COMMON_BLOCKS = YES;
				GCC_WARN_64_TO_32_BIT_CONVERSION = YES;
				GCC_WARN_ABOUT_RETURN_TYPE = YES_ERROR;
				GCC_WARN_UNDECLARED_SELECTOR = YES;
				GCC_WARN_UNINITIALIZED_AUTOS = YES_AGGRESSIVE;
				GCC_WARN_UNUSED_FUNCTION = YES;
				GCC_WARN_UNUSED_VARIABLE = YES;
				IPHONEOS_DEPLOYMENT_TARGET = 8.4;
				MTL_ENABLE_DEBUG_INFO = NO;
				SDKROOT = iphoneos;
				VALIDATE_PRODUCT = YES;
			};
			name = Release;
		};
		263A46561BAB397F0063CE52 /* Debug */ = {
			isa = XCBuildConfiguration;
			buildSettings = {
				ASSETCATALOG_COMPILER_APPICON_NAME = AppIcon;
				INFOPLIST_FILE = HellaCells/Info.plist;
				LD_RUNPATH_SEARCH_PATHS = "$(inherited) @executable_path/Frameworks";
				PRODUCT_NAME = "$(TARGET_NAME)";
			};
			name = Debug;
		};
		263A46571BAB397F0063CE52 /* Release */ = {
			isa = XCBuildConfiguration;
			buildSettings = {
				ASSETCATALOG_COMPILER_APPICON_NAME = AppIcon;
				INFOPLIST_FILE = HellaCells/Info.plist;
				LD_RUNPATH_SEARCH_PATHS = "$(inherited) @executable_path/Frameworks";
				PRODUCT_NAME = "$(TARGET_NAME)";
			};
			name = Release;
		};
		263A46591BAB397F0063CE52 /* Debug */ = {
			isa = XCBuildConfiguration;
			buildSettings = {
				BUNDLE_LOADER = "$(TEST_HOST)";
				FRAMEWORK_SEARCH_PATHS = (
					"$(SDKROOT)/Developer/Library/Frameworks",
					"$(inherited)",
				);
				GCC_PREPROCESSOR_DEFINITIONS = (
					"DEBUG=1",
					"$(inherited)",
				);
				INFOPLIST_FILE = HellaCellsTests/Info.plist;
				LD_RUNPATH_SEARCH_PATHS = "$(inherited) @executable_path/Frameworks @loader_path/Frameworks";
				PRODUCT_NAME = "$(TARGET_NAME)";
				TEST_HOST = "$(BUILT_PRODUCTS_DIR)/HellaCells.app/HellaCells";
			};
			name = Debug;
		};
		263A465A1BAB397F0063CE52 /* Release */ = {
			isa = XCBuildConfiguration;
			buildSettings = {
				BUNDLE_LOADER = "$(TEST_HOST)";
				FRAMEWORK_SEARCH_PATHS = (
					"$(SDKROOT)/Developer/Library/Frameworks",
					"$(inherited)",
				);
				INFOPLIST_FILE = HellaCellsTests/Info.plist;
				LD_RUNPATH_SEARCH_PATHS = "$(inherited) @executable_path/Frameworks @loader_path/Frameworks";
				PRODUCT_NAME = "$(TARGET_NAME)";
				TEST_HOST = "$(BUILT_PRODUCTS_DIR)/HellaCells.app/HellaCells";
			};
			name = Release;
		};
/* End XCBuildConfiguration section */

/* Begin XCConfigurationList section */
		263A462D1BAB397F0063CE52 /* Build configuration list for PBXProject "HellaCells" */ = {
			isa = XCConfigurationList;
			buildConfigurations = (
				263A46531BAB397F0063CE52 /* Debug */,
				263A46541BAB397F0063CE52 /* Release */,
			);
			defaultConfigurationIsVisible = 0;
			defaultConfigurationName = Release;
		};
		263A46551BAB397F0063CE52 /* Build configuration list for PBXNativeTarget "HellaCells" */ = {
			isa = XCConfigurationList;
			buildConfigurations = (
				263A46561BAB397F0063CE52 /* Debug */,
				263A46571BAB397F0063CE52 /* Release */,
			);
			defaultConfigurationIsVisible = 0;
		};
		263A46581BAB397F0063CE52 /* Build configuration list for PBXNativeTarget "HellaCellsTests" */ = {
			isa = XCConfigurationList;
			buildConfigurations = (
				263A46591BAB397F0063CE52 /* Debug */,
				263A465A1BAB397F0063CE52 /* Release */,
			);
			defaultConfigurationIsVisible = 0;
		};
/* End XCConfigurationList section */
	};
	rootObject = 263A462A1BAB397F0063CE52 /* Project object */;
}
